
Microsoft Visual Studio Solution File, Format Version 12.00
# Visual Studio Version 18
VisualStudioVersion = 18.3.11520.95
MinimumVisualStudioVersion = 10.0.40219.1
Project("{FAE04EC0-301F-11D3-BF4B-00C04F79EFBC}") = "UI", "UI.csproj", "{38205A6D-80B9-414E-82C3-FFF663C8B3B7}"
EndProject
Project("{FAE04EC0-301F-11D3-BF4B-00C04F79EFBC}") = "LogicaDeNegocios", "..\LogicaDeNegocios\LogicaDeNegocios.csproj", "{BD3C95ED-7B91-4E08-ADBA-F6777B5DE706}"
EndProject
Project("{FAE04EC0-301F-11D3-BF4B-00C04F79EFBC}") = "AccesoADatos", "..\AccesoADatos\AccesoADatos.csproj", "{4312ACB0-1EDE-4368-B379-B48E9B2C4619}"
EndProject
Project("{FAE04EC0-301F-11D3-BF4B-00C04F79EFBC}") = "Abstracciones", "..\Abstracciones\Abstracciones.csproj", "{CEEC174B-E8E0-4673-9335-09CA8F3B616F}"
EndProject
Project("{00D1A9C2-B5F0-4AF3-8072-F6C62B433612}") = "BD", "..\BD\BD.sqlproj", "{57F150A5-E5AA-4ACD-ADD2-943639347CC7}"
EndProject
Global
	GlobalSection(SolutionConfigurationPlatforms) = preSolution
		Debug|Any CPU = Debug|Any CPU
		Release|Any CPU = Release|Any CPU
	EndGlobalSection
	GlobalSection(ProjectConfigurationPlatforms) = postSolution
		{38205A6D-80B9-414E-82C3-FFF663C8B3B7}.Debug|Any CPU.ActiveCfg = Debug|Any CPU
		{38205A6D-80B9-414E-82C3-FFF663C8B3B7}.Debug|Any CPU.Build.0 = Debug|Any CPU
		{38205A6D-80B9-414E-82C3-FFF663C8B3B7}.Release|Any CPU.ActiveCfg = Release|Any CPU
		{38205A6D-80B9-414E-82C3-FFF663C8B3B7}.Release|Any CPU.Build.0 = Release|Any CPU
		{BD3C95ED-7B91-4E08-ADBA-F6777B5DE706}.Debug|Any CPU.ActiveCfg = Debug|Any CPU
		{BD3C95ED-7B91-4E08-ADBA-F6777B5DE706}.Debug|Any CPU.Build.0 = Debug|Any CPU
		{BD3C95ED-7B91-4E08-ADBA-F6777B5DE706}.Release|Any CPU.ActiveCfg = Release|Any CPU
		{BD3C95ED-7B91-4E08-ADBA-F6777B5DE706}.Release|Any CPU.Build.0 = Release|Any CPU
		{4312ACB0-1EDE-4368-B379-B48E9B2C4619}.Debug|Any CPU.ActiveCfg = Debug|Any CPU
		{4312ACB0-1EDE-4368-B379-B48E9B2C4619}.Debug|Any CPU.Build.0 = Debug|Any CPU
		{4312ACB0-1EDE-4368-B379-B48E9B2C4619}.Release|Any CPU.ActiveCfg = Release|Any CPU
		{4312ACB0-1EDE-4368-B379-B48E9B2C4619}.Release|Any CPU.Build.0 = Release|Any CPU
		{CEEC174B-E8E0-4673-9335-09CA8F3B616F}.Debug|Any CPU.ActiveCfg = Debug|Any CPU
		{CEEC174B-E8E0-4673-9335-09CA8F3B616F}.Debug|Any CPU.Build.0 = Debug|Any CPU
		{CEEC174B-E8E0-4673-9335-09CA8F3B616F}.Release|Any CPU.ActiveCfg = Release|Any CPU
		{CEEC174B-E8E0-4673-9335-09CA8F3B616F}.Release|Any CPU.Build.0 = Release|Any CPU
		{57F150A5-E5AA-4ACD-ADD2-943639347CC7}.Debug|Any CPU.ActiveCfg = Debug|Any CPU
		{57F150A5-E5AA-4ACD-ADD2-943639347CC7}.Debug|Any CPU.Build.0 = Debug|Any CPU
		{57F150A5-E5AA-4ACD-ADD2-943639347CC7}.Debug|Any CPU.Deploy.0 = Debug|Any CPU
		{57F150A5-E5AA-4ACD-ADD2-943639347CC7}.Release|Any CPU.ActiveCfg = Release|Any CPU
		{57F150A5-E5AA-4ACD-ADD2-943639347CC7}.Release|Any CPU.Build.0 = Release|Any CPU
		{57F150A5-E5AA-4ACD-ADD2-943639347CC7}.Release|Any CPU.Deploy.0 = Release|Any CPU
	EndGlobalSection
	GlobalSection(SolutionProperties) = preSolution
		HideSolutionNode = FALSE
	EndGlobalSection
	GlobalSection(ExtensibilityGlobals) = postSolution
		SolutionGuid = {56B09458-18B0-41A4-B99A-AF9468C92042}
	EndGlobalSection
EndGlobal
